Microsoft Visual Studio Solution File, Format Version 12.00
# Visual Studio Version 17
VisualStudioVersion = 17.5.2.0
MinimumVisualStudioVersion = 10.0.40219.1
Project("{2150E333-8FDC-42A3-9474-1A3956D46DE8}") = "MERLIN_Quest3_client", "MERLIN_Quest3_client", "{612EB319-6361-4370-7757-C5F6025BA74D}"
EndProject
Project("{FAE04EC0-301F-11D3-BF4B-00C04F79EFBC}") = "Assembly-CSharp", "MERLIN_Quest3_client\Assembly-CSharp.csproj", "{586317AF-DBD6-8385-FCC6-2CE7B1ECA60D}"
EndProject
Global
	GlobalSection(SolutionConfigurationPlatforms) = preSolution
		Debug|Any CPU = Debug|Any CPU
		Release|Any CPU = Release|Any CPU
	EndGlobalSection
	GlobalSection(ProjectConfigurationPlatforms) = postSolution
		{586317AF-DBD6-8385-FCC6-2CE7B1ECA60D}.Debug|Any CPU.ActiveCfg = Debug|Any CPU
		{586317AF-DBD6-8385-FCC6-2CE7B1ECA60D}.Debug|Any CPU.Build.0 = Debug|Any CPU
		{586317AF-DBD6-8385-FCC6-2CE7B1ECA60D}.Release|Any CPU.ActiveCfg = Release|Any CPU
		{586317AF-DBD6-8385-FCC6-2CE7B1ECA60D}.Release|Any CPU.Build.0 = Release|Any CPU
	EndGlobalSection
	GlobalSection(SolutionProperties) = preSolution
		HideSolutionNode = FALSE
	EndGlobalSection
	GlobalSection(NestedProjects) = preSolution
		{586317AF-DBD6-8385-FCC6-2CE7B1ECA60D} = {612EB319-6361-4370-7757-C5F6025BA74D}
	EndGlobalSection
	GlobalSection(ExtensibilityGlobals) = postSolution
		SolutionGuid = {25C26F94-E4F7-49D3-AA56-15D4FFE99E2F}
	EndGlobalSection
EndGlobal
